// !$*UTF8*$!
{
	archiveVersion = 1;
	classes = {
	};
	objectVersion = 46;
	objects = {

/* Begin PBXBuildFile section */
		6D5D34B11B31429B003144DD /* BookViewController.m in Sources */ = {isa = PBXBuildFile; fileRef = 6D5D34AF1B31429B003144DD /* BookViewController.m */; };
		6D8512A71B2DBD320074C998 /* main.m in Sources */ = {isa = PBXBuildFile; fileRef = 6D8512A61B2DBD320074C998 /* main.m */; };
		6D8512AA1B2DBD320074C998 /* AppDelegate.m in Sources */ = {isa = PBXBuildFile; fileRef = 6D8512A91B2DBD320074C998 /* AppDelegate.m */; };
		6D8512AD1B2DBD320074C998 /* FirstViewController.m in Sources */ = {isa = PBXBuildFile; fileRef = 6D8512AC1B2DBD320074C998 /* FirstViewController.m */; };
		6D8512B01B2DBD320074C998 /* ScanViewController.m in Sources */ = {isa = PBXBuildFile; fileRef = 6D8512AF1B2DBD320074C998 /* ScanViewController.m */; };
		6D8512B31B2DBD320074C998 /* Main.storyboard in Resources */ = {isa = PBXBuildFile; fileRef = 6D8512B11B2DBD320074C998 /* Main.storyboard */; };
		6D8512B81B2DBD320074C998 /* LaunchScreen.xib in Resources */ = {isa = PBXBuildFile; fileRef = 6D8512B61B2DBD320074C998 /* LaunchScreen.xib */; };
		6D8512C41B2DBD320074C998 /* ToReadListTests.m in Sources */ = {isa = PBXBuildFile; fileRef = 6D8512C31B2DBD320074C998 /* ToReadListTests.m */; };
		6DB958781B3611C200435A88 /* Images.xcassets in Resources */ = {isa = PBXBuildFile; fileRef = 6DB958771B3611C200435A88 /* Images.xcassets */; };
		6DC04B591B2EEFD300C3FB71 /* BookParser.m in Sources */ = {isa = PBXBuildFile; fileRef = 6DC04B501B2EEFD300C3FB71 /* BookParser.m */; };
		6DC04B5A1B2EEFD300C3FB71 /* Book.m in Sources */ = {isa = PBXBuildFile; fileRef = 6DC04B531B2EEFD300C3FB71 /* Book.m */; };
		6DC04B5B1B2EEFD300C3FB71 /* _Book.m in Sources */ = {isa = PBXBuildFile; fileRef = 6DC04B561B2EEFD300C3FB71 /* _Book.m */; };
		6DC04B5C1B2EEFD300C3FB71 /* Model.xcdatamodeld in Sources */ = {isa = PBXBuildFile; fileRef = 6DC04B571B2EEFD300C3FB71 /* Model.xcdatamodeld */; };
		B946E2E1230F180CAA9D4E5B /* libPods-ToReadList.a in Frameworks */ = {isa = PBXBuildFile; fileRef = 53BA6ADE5DD254B366D542D1 /* libPods-ToReadList.a */; };
/* End PBXBuildFile section */

/* Begin PBXContainerItemProxy section */
		6D8512BE1B2DBD320074C998 /* PBXContainerItemProxy */ = {
			isa = PBXContainerItemProxy;
			containerPortal = 6D8512991B2DBD320074C998 /* Project object */;
			proxyType = 1;
			remoteGlobalIDString = 6D8512A01B2DBD320074C998;
			remoteInfo = ToReadList;
		};
/* End PBXContainerItemProxy section */

/* Begin PBXFileReference section */
		0D285D8DC2DBE361FE0A0C9B /* Pods-ToReadList.release.xcconfig */ = {isa = PBXFileReference; includeInIndex = 1; lastKnownFileType = text.xcconfig; name = "Pods-ToReadList.release.xcconfig"; path = "Pods/Target Support Files/Pods-ToReadList/Pods-ToReadList.release.xcconfig"; sourceTree = "<group>"; };
		53BA6ADE5DD254B366D542D1 /* libPods-ToReadList.a */ = {isa = PBXFileReference; explicitFileType = archive.ar; includeInIndex = 0; path = "libPods-ToReadList.a"; sourceTree = BUILT_PRODUCTS_DIR; };
		621E0B6ADF941223613335F8 /* Pods-ToReadList.debug.xcconfig */ = {isa = PBXFileReference; includeInIndex = 1; lastKnownFileType = text.xcconfig; name = "Pods-ToReadList.debug.xcconfig"; path = "Pods/Target Support Files/Pods-ToReadList/Pods-ToReadList.debug.xcconfig"; sourceTree = "<group>"; };
		6D5D34AE1B31429B003144DD /* BookViewController.h */ = {isa = PBXFileReference; fileEncoding = 4; lastKnownFileType = sourcecode.c.h; name = BookViewController.h; path = View/BookViewController.h; sourceTree = "<group>"; };
		6D5D34AF1B31429B003144DD /* BookViewController.m */ = {isa = PBXFileReference; fileEncoding = 4; lastKnownFileType = sourcecode.c.objc; name = BookViewController.m; path = View/BookViewController.m; sourceTree = "<group>"; };
		6D8512A11B2DBD320074C998 /* ToReadList.app */ = {isa = PBXFileReference; explicitFileType = wrapper.application; includeInIndex = 0; path = ToReadList.app; sourceTree = BUILT_PRODUCTS_DIR; };
		6D8512A51B2DBD320074C998 /* Info.plist */ = {isa = PBXFileReference; lastKnownFileType = text.plist.xml; path = Info.plist; sourceTree = "<group>"; };
		6D8512A61B2DBD320074C998 /* main.m */ = {isa = PBXFileReference; lastKnownFileType = sourcecode.c.objc; path = main.m; sourceTree = "<group>"; };
		6D8512A81B2DBD320074C998 /* AppDelegate.h */ = {isa = PBXFileReference; lastKnownFileType = sourcecode.c.h; path = AppDelegate.h; sourceTree = "<group>"; };
		6D8512A91B2DBD320074C998 /* AppDelegate.m */ = {isa = PBXFileReference; lastKnownFileType = sourcecode.c.objc; path = AppDelegate.m; sourceTree = "<group>"; };
		6D8512AB1B2DBD320074C998 /* FirstViewController.h */ = {isa = PBXFileReference; lastKnownFileType = sourcecode.c.h; path = FirstViewController.h; sourceTree = "<group>"; };
		6D8512AC1B2DBD320074C998 /* FirstViewController.m */ = {isa = PBXFileReference; lastKnownFileType = sourcecode.c.objc; path = FirstViewController.m; sourceTree = "<group>"; };
		6D8512AE1B2DBD320074C998 /* ScanViewController.h */ = {isa = PBXFileReference; lastKnownFileType = sourcecode.c.h; path = ScanViewController.h; sourceTree = "<group>"; };
		6D8512AF1B2DBD320074C998 /* ScanViewController.m */ = {isa = PBXFileReference; lastKnownFileType = sourcecode.c.objc; path = ScanViewController.m; sourceTree = "<group>"; };
		6D8512B21B2DBD320074C998 /* Base */ = {isa = PBXFileReference; lastKnownFileType = file.storyboard; name = Base; path = Base.lproj/Main.storyboard; sourceTree = "<group>"; };
		6D8512B71B2DBD320074C998 /* Base */ = {isa = PBXFileReference; lastKnownFileType = file.xib; name = Base; path = Base.lproj/LaunchScreen.xib; sourceTree = "<group>"; };
		6D8512BD1B2DBD320074C998 /* ToReadListTests.xctest */ = {isa = PBXFileReference; explicitFileType = wrapper.cfbundle; includeInIndex = 0; path = ToReadListTests.xctest; sourceTree = BUILT_PRODUCTS_DIR; };
		6D8512C21B2DBD320074C998 /* Info.plist */ = {isa = PBXFileReference; lastKnownFileType = text.plist.xml; path = Info.plist; sourceTree = "<group>"; };
		6D8512C31B2DBD320074C998 /* ToReadListTests.m */ = {isa = PBXFileReference; lastKnownFileType = sourcecode.c.objc; path = ToReadListTests.m; sourceTree = "<group>"; };
		6DB958771B3611C200435A88 /* Images.xcassets */ = {isa = PBXFileReference; lastKnownFileType = folder.assetcatalog; path = Images.xcassets; sourceTree = "<group>"; };
		6DC04B4F1B2EEFD300C3FB71 /* BookParser.h */ = {isa = PBXFileReference; fileEncoding = 4; lastKnownFileType = sourcecode.c.h; path = BookParser.h; sourceTree = "<group>"; };
		6DC04B501B2EEFD300C3FB71 /* BookParser.m */ = {isa = PBXFileReference; fileEncoding = 4; lastKnownFileType = sourcecode.c.objc; path = BookParser.m; sourceTree = "<group>"; };
		6DC04B521B2EEFD300C3FB71 /* Book.h */ = {isa = PBXFileReference; fileEncoding = 4; lastKnownFileType = sourcecode.c.h; path = Book.h; sourceTree = "<group>"; };
		6DC04B531B2EEFD300C3FB71 /* Book.m */ = {isa = PBXFileReference; fileEncoding = 4; lastKnownFileType = sourcecode.c.objc; path = Book.m; sourceTree = "<group>"; };
		6DC04B551B2EEFD300C3FB71 /* _Book.h */ = {isa = PBXFileReference; fileEncoding = 4; lastKnownFileType = sourcecode.c.h; path = _Book.h; sourceTree = "<group>"; };
		6DC04B561B2EEFD300C3FB71 /* _Book.m */ = {isa = PBXFileReference; fileEncoding = 4; lastKnownFileType = sourcecode.c.objc; path = _Book.m; sourceTree = "<group>"; };
		6DC04B581B2EEFD300C3FB71 /* Model.xcdatamodel */ = {isa = PBXFileReference; lastKnownFileType = wrapper.xcdatamodel; path = Model.xcdatamodel; sourceTree = "<group>"; };
/* End PBXFileReference section */

/* Begin PBXFrameworksBuildPhase section */
		6D85129E1B2DBD320074C998 /* Frameworks */ = {
			isa = PBXFrameworksBuildPhase;
			buildActionMask = 2147483647;
			files = (
				B946E2E1230F180CAA9D4E5B /* libPods-ToReadList.a in Frameworks */,
			);
			runOnlyForDeploymentPostprocessing = 0;
		};
		6D8512BA1B2DBD320074C998 /* Frameworks */ = {
			isa = PBXFrameworksBuildPhase;
			buildActionMask = 2147483647;
			files = (
			);
			runOnlyForDeploymentPostprocessing = 0;
		};
/* End PBXFrameworksBuildPhase section */

/* Begin PBXGroup section */
		14344998219A7B5B4671E275 /* Frameworks */ = {
			isa = PBXGroup;
			children = (
				53BA6ADE5DD254B366D542D1 /* libPods-ToReadList.a */,
			);
			name = Frameworks;
			sourceTree = "<group>";
		};
		6D5D34AD1B314219003144DD /* View */ = {
			isa = PBXGroup;
			children = (
				6D8512AB1B2DBD320074C998 /* FirstViewController.h */,
				6D8512AC1B2DBD320074C998 /* FirstViewController.m */,
				6D8512AE1B2DBD320074C998 /* ScanViewController.h */,
				6D8512AF1B2DBD320074C998 /* ScanViewController.m */,
				6D5D34AE1B31429B003144DD /* BookViewController.h */,
				6D5D34AF1B31429B003144DD /* BookViewController.m */,
			);
			name = View;
			sourceTree = "<group>";
		};
		6D8512981B2DBD320074C998 = {
			isa = PBXGroup;
			children = (
				6D8512A31B2DBD320074C998 /* ToReadList */,
				6D8512C01B2DBD320074C998 /* ToReadListTests */,
				6D8512A21B2DBD320074C998 /* Products */,
				A9A395653E38A783D7D5D9A3 /* Pods */,
				14344998219A7B5B4671E275 /* Frameworks */,
			);
			sourceTree = "<group>";
		};
		6D8512A21B2DBD320074C998 /* Products */ = {
			isa = PBXGroup;
			children = (
				6D8512A11B2DBD320074C998 /* ToReadList.app */,
				6D8512BD1B2DBD320074C998 /* ToReadListTests.xctest */,
			);
			name = Products;
			sourceTree = "<group>";
		};
		6D8512A31B2DBD320074C998 /* ToReadList */ = {
			isa = PBXGroup;
			children = (
				6DC04B4E1B2EEFD300C3FB71 /* Model */,
				6D5D34AD1B314219003144DD /* View */,
				6DB958771B3611C200435A88 /* Images.xcassets */,
				6D8512A81B2DBD320074C998 /* AppDelegate.h */,
				6D8512A91B2DBD320074C998 /* AppDelegate.m */,
				6D8512B11B2DBD320074C998 /* Main.storyboard */,
				6D8512B61B2DBD320074C998 /* LaunchScreen.xib */,
				6D8512A41B2DBD320074C998 /* Supporting Files */,
			);
			path = ToReadList;
			sourceTree = "<group>";
		};
		6D8512A41B2DBD320074C998 /* Supporting Files */ = {
			isa = PBXGroup;
			children = (
				6D8512A51B2DBD320074C998 /* Info.plist */,
				6D8512A61B2DBD320074C998 /* main.m */,
			);
			name = "Supporting Files";
			sourceTree = "<group>";
		};
		6D8512C01B2DBD320074C998 /* ToReadListTests */ = {
			isa = PBXGroup;
			children = (
				6D8512C31B2DBD320074C998 /* ToReadListTests.m */,
				6D8512C11B2DBD320074C998 /* Supporting Files */,
			);
			path = ToReadListTests;
			sourceTree = "<group>";
		};
		6D8512C11B2DBD320074C998 /* Supporting Files */ = {
			isa = PBXGroup;
			children = (
				6D8512C21B2DBD320074C998 /* Info.plist */,
			);
			name = "Supporting Files";
			sourceTree = "<group>";
		};
		6DC04B4E1B2EEFD300C3FB71 /* Model */ = {
			isa = PBXGroup;
			children = (
				6DC04B511B2EEFD300C3FB71 /* Human */,
				6DC04B541B2EEFD300C3FB71 /* Machine */,
				6DC04B4F1B2EEFD300C3FB71 /* BookParser.h */,
				6DC04B501B2EEFD300C3FB71 /* BookParser.m */,
				6DC04B571B2EEFD300C3FB71 /* Model.xcdatamodeld */,
			);
			path = Model;
			sourceTree = "<group>";
		};
		6DC04B511B2EEFD300C3FB71 /* Human */ = {
			isa = PBXGroup;
			children = (
				6DC04B521B2EEFD300C3FB71 /* Book.h */,
				6DC04B531B2EEFD300C3FB71 /* Book.m */,
			);
			path = Human;
			sourceTree = "<group>";
		};
		6DC04B541B2EEFD300C3FB71 /* Machine */ = {
			isa = PBXGroup;
			children = (
				6DC04B551B2EEFD300C3FB71 /* _Book.h */,
				6DC04B561B2EEFD300C3FB71 /* _Book.m */,
			);
			path = Machine;
			sourceTree = "<group>";
		};
		A9A395653E38A783D7D5D9A3 /* Pods */ = {
			isa = PBXGroup;
			children = (
				621E0B6ADF941223613335F8 /* Pods-ToReadList.debug.xcconfig */,
				0D285D8DC2DBE361FE0A0C9B /* Pods-ToReadList.release.xcconfig */,
			);
			name = Pods;
			sourceTree = "<group>";
		};
/* End PBXGroup section */

/* Begin PBXNativeTarget section */
		6D8512A01B2DBD320074C998 /* ToReadList */ = {
			isa = PBXNativeTarget;
			buildConfigurationList = 6D8512C71B2DBD320074C998 /* Build configuration list for PBXNativeTarget "ToReadList" */;
			buildPhases = (
				17568FD230C61D8916EA1500 /* Check Pods Manifest.lock */,
				6D85129D1B2DBD320074C998 /* Sources */,
				6D85129E1B2DBD320074C998 /* Frameworks */,
				6D85129F1B2DBD320074C998 /* Resources */,
				F3D42F36F95D07800DE7F2A5 /* Copy Pods Resources */,
			);
			buildRules = (
			);
			dependencies = (
			);
			name = ToReadList;
			productName = ToReadList;
			productReference = 6D8512A11B2DBD320074C998 /* ToReadList.app */;
			productType = "com.apple.product-type.application";
		};
		6D8512BC1B2DBD320074C998 /* ToReadListTests */ = {
			isa = PBXNativeTarget;
			buildConfigurationList = 6D8512CA1B2DBD320074C998 /* Build configuration list for PBXNativeTarget "ToReadListTests" */;
			buildPhases = (
				6D8512B91B2DBD320074C998 /* Sources */,
				6D8512BA1B2DBD320074C998 /* Frameworks */,
				6D8512BB1B2DBD320074C998 /* Resources */,
			);
			buildRules = (
			);
			dependencies = (
				6D8512BF1B2DBD320074C998 /* PBXTargetDependency */,
			);
			name = ToReadListTests;
			productName = ToReadListTests;
			productReference = 6D8512BD1B2DBD320074C998 /* ToReadListTests.xctest */;
			productType = "com.apple.product-type.bundle.unit-test";
		};
/* End PBXNativeTarget section */

/* Begin PBXProject section */
		6D8512991B2DBD320074C998 /* Project object */ = {
			isa = PBXProject;
			attributes = {
				LastUpgradeCheck = 0630;
				ORGANIZATIONNAME = ZhongTing;
				TargetAttributes = {
					6D8512A01B2DBD320074C998 = {
						CreatedOnToolsVersion = 6.3.2;
					};
					6D8512BC1B2DBD320074C998 = {
						CreatedOnToolsVersion = 6.3.2;
						TestTargetID = 6D8512A01B2DBD320074C998;
					};
				};
			};
			buildConfigurationList = 6D85129C1B2DBD320074C998 /* Build configuration list for PBXProject "ToReadList" */;
			compatibilityVersion = "Xcode 3.2";
			developmentRegion = English;
			hasScannedForEncodings = 0;
			knownRegions = (
				en,
				Base,
			);
			mainGroup = 6D8512981B2DBD320074C998;
			productRefGroup = 6D8512A21B2DBD320074C998 /* Products */;
			projectDirPath = "";
			projectRoot = "";
			targets = (
				6D8512A01B2DBD320074C998 /* ToReadList */,
				6D8512BC1B2DBD320074C998 /* ToReadListTests */,
			);
		};
/* End PBXProject section */

/* Begin PBXResourcesBuildPhase section */
		6D85129F1B2DBD320074C998 /* Resources */ = {
			isa = PBXResourcesBuildPhase;
			buildActionMask = 2147483647;
			files = (
				6DB958781B3611C200435A88 /* Images.xcassets in Resources */,
				6D8512B31B2DBD320074C998 /* Main.storyboard in Resources */,
				6D8512B81B2DBD320074C998 /* LaunchScreen.xib in Resources */,
			);
			runOnlyForDeploymentPostprocessing = 0;
		};
		6D8512BB1B2DBD320074C998 /* Resources */ = {
			isa = PBXResourcesBuildPhase;
			buildActionMask = 2147483647;
			files = (
			);
			runOnlyForDeploymentPostprocessing = 0;
		};
/* End PBXResourcesBuildPhase section */

/* Begin PBXShellScriptBuildPhase section */
		17568FD230C61D8916EA1500 /* Check Pods Manifest.lock */ = {
			isa = PBXShellScriptBuildPhase;
			buildActionMask = 2147483647;
			files = (
			);
			inputPaths = (
			);
			name = "Check Pods Manifest.lock";
			outputPaths = (
			);
			runOnlyForDeploymentPostprocessing = 0;
			shellPath = /bin/sh;
			shellScript = "diff \"${PODS_ROOT}/../Podfile.lock\" \"${PODS_ROOT}/Manifest.lock\" > /dev/null\nif [[ $? != 0 ]] ; then\n    cat << EOM\nerror: The sandbox is not in sync with the Podfile.lock. Run 'pod install' or update your CocoaPods installation.\nEOM\n    exit 1\nfi\n";
			showEnvVarsInLog = 0;
		};
		F3D42F36F95D07800DE7F2A5 /* Copy Pods Resources */ = {
			isa = PBXShellScriptBuildPhase;
			buildActionMask = 2147483647;
			files = (
			);
			inputPaths = (
			);
			name = "Copy Pods Resources";
			outputPaths = (
			);
			runOnlyForDeploymentPostprocessing = 0;
			shellPath = /bin/sh;
			shellScript = "\"${SRCROOT}/Pods/Target Support Files/Pods-ToReadList/Pods-ToReadList-resources.sh\"\n";
			showEnvVarsInLog = 0;
		};
/* End PBXShellScriptBuildPhase section */

/* Begin PBXSourcesBuildPhase section */
		6D85129D1B2DBD320074C998 /* Sources */ = {
			isa = PBXSourcesBuildPhase;
			buildActionMask = 2147483647;
			files = (
				6D5D34B11B31429B003144DD /* BookViewController.m in Sources */,
				6D8512B01B2DBD320074C998 /* ScanViewController.m in Sources */,
				6DC04B591B2EEFD300C3FB71 /* BookParser.m in Sources */,
				6DC04B5B1B2EEFD300C3FB71 /* _Book.m in Sources */,
				6D8512AA1B2DBD320074C998 /* AppDelegate.m in Sources */,
				6DC04B5A1B2EEFD300C3FB71 /* Book.m in Sources */,
				6D8512AD1B2DBD320074C998 /* FirstViewController.m in Sources */,
				6DC04B5C1B2EEFD300C3FB71 /* Model.xcdatamodeld in Sources */,
				6D8512A71B2DBD320074C998 /* main.m in Sources */,
			);
			runOnlyForDeploymentPostprocessing = 0;
		};
		6D8512B91B2DBD320074C998 /* Sources */ = {
			isa = PBXSourcesBuildPhase;
			buildActionMask = 2147483647;
			files = (
				6D8512C41B2DBD320074C998 /* ToReadListTests.m in Sources */,
			);
			runOnlyForDeploymentPostprocessing = 0;
		};
/* End PBXSourcesBuildPhase section */

/* Begin PBXTargetDependency section */
		6D8512BF1B2DBD320074C998 /* PBXTargetDependency */ = {
			isa = PBXTargetDependency;
			target = 6D8512A01B2DBD320074C998 /* ToReadList */;
			targetProxy = 6D8512BE1B2DBD320074C998 /* PBXContainerItemProxy */;
		};
/* End PBXTargetDependency section */

/* Begin PBXVariantGroup section */
		6D8512B11B2DBD320074C998 /* Main.storyboard */ = {
			isa = PBXVariantGroup;
			children = (
				6D8512B21B2DBD320074C998 /* Base */,
			);
			name = Main.storyboard;
			sourceTree = "<group>";
		};
		6D8512B61B2DBD320074C998 /* LaunchScreen.xib */ = {
			isa = PBXVariantGroup;
			children = (
				6D8512B71B2DBD320074C998 /* Base */,
			);
			name = LaunchScreen.xib;
			sourceTree = "<group>";
		};
/* End PBXVariantGroup section */

/* Begin XCBuildConfiguration section */
		6D8512C51B2DBD320074C998 /* Debug */ = {
			isa = XCBuildConfiguration;
			buildSettings = {
				ALWAYS_SEARCH_USER_PATHS = NO;
				CLANG_CXX_LANGUAGE_STANDARD = "gnu++0x";
				CLANG_CXX_LIBRARY = "libc++";
				CLANG_ENABLE_MODULES = YES;
				CLANG_ENABLE_OBJC_ARC = YES;
				CLANG_WARN_BOOL_CONVERSION = YES;
				CLANG_WARN_CONSTANT_CONVERSION = YES;
				CLANG_WARN_DIRECT_OBJC_ISA_USAGE = YES_ERROR;
				CLANG_WARN_EMPTY_BODY = YES;
				CLANG_WARN_ENUM_CONVERSION = YES;
				CLANG_WARN_INT_CONVERSION = YES;
				CLANG_WARN_OBJC_ROOT_CLASS = YES_ERROR;
				CLANG_WARN_UNREACHABLE_CODE = YES;
				CLANG_WARN__DUPLICATE_METHOD_MATCH = YES;
				"CODE_SIGN_IDENTITY[sdk=iphoneos*]" = "iPhone Developer";
				COPY_PHASE_STRIP = NO;
				DEBUG_INFORMATION_FORMAT = "dwarf-with-dsym";
				ENABLE_STRICT_OBJC_MSGSEND = YES;
				GCC_C_LANGUAGE_STANDARD = gnu99;
				GCC_DYNAMIC_NO_PIC = NO;
				GCC_NO_COMMON_BLOCKS = YES;
				GCC_OPTIMIZATION_LEVEL = 0;
				GCC_PREPROCESSOR_DEFINITIONS = (
					"DEBUG=1",
					"$(inherited)",
				);
				GCC_SYMBOLS_PRIVATE_EXTERN = NO;
				GCC_WARN_64_TO_32_BIT_CONVERSION = YES;
				GCC_WARN_ABOUT_RETURN_TYPE = YES_ERROR;
				GCC_WARN_UNDECLARED_SELECTOR = YES;
				GCC_WARN_UNINITIALIZED_AUTOS = YES_AGGRESSIVE;
				GCC_WARN_UNUSED_FUNCTION = YES;
				GCC_WARN_UNUSED_VARIABLE = YES;
				IPHONEOS_DEPLOYMENT_TARGET = 8.3;
				MTL_ENABLE_DEBUG_INFO = YES;
				ONLY_ACTIVE_ARCH = YES;
				SDKROOT = iphoneos;
			};
			name = Debug;
		};
		6D8512C61B2DBD320074C998 /* Release */ = {
			isa = XCBuildConfiguration;
			buildSettings = {
				ALWAYS_SEARCH_USER_PATHS = NO;
				CLANG_CXX_LANGUAGE_STANDARD = "gnu++0x";
				CLANG_CXX_LIBRARY = "libc++";
				CLANG_ENABLE_MODULES = YES;
				CLANG_ENABLE_OBJC_ARC = YES;
				CLANG_WARN_BOOL_CONVERSION = YES;
				CLANG_WARN_CONSTANT_CONVERSION = YES;
				CLANG_WARN_DIRECT_OBJC_ISA_USAGE = YES_ERROR;
				CLANG_WARN_EMPTY_BODY = YES;
				CLANG_WARN_ENUM_CONVERSION = YES;
				CLANG_WARN_INT_CONVERSION = YES;
				CLANG_WARN_OBJC_ROOT_CLASS = YES_ERROR;
				CLANG_WARN_UNREACHABLE_CODE = YES;
				CLANG_WARN__DUPLICATE_METHOD_MATCH = YES;
				"CODE_SIGN_IDENTITY[sdk=iphoneos*]" = "iPhone Developer";
				COPY_PHASE_STRIP = NO;
				DEBUG_INFORMATION_FORMAT = "dwarf-with-dsym";
				ENABLE_NS_ASSERTIONS = NO;
				ENABLE_STRICT_OBJC_MSGSEND = YES;
				GCC_C_LANGUAGE_STANDARD = gnu99;
				GCC_NO_COMMON_BLOCKS = YES;
				GCC_WARN_64_TO_32_BIT_CONVERSION = YES;
				GCC_WARN_ABOUT_RETURN_TYPE = YES_ERROR;
				GCC_WARN_UNDECLARED_SELECTOR = YES;
				GCC_WARN_UNINITIALIZED_AUTOS = YES_AGGRESSIVE;
				GCC_WARN_UNUSED_FUNCTION = YES;
				GCC_WARN_UNUSED_VARIABLE = YES;
				IPHONEOS_DEPLOYMENT_TARGET = 8.3;
				MTL_ENABLE_DEBUG_INFO = NO;
				SDKROOT = iphoneos;
				VALIDATE_PRODUCT = YES;
			};
			name = Release;
		};
		6D8512C81B2DBD320074C998 /* Debug */ = {
			isa = XCBuildConfiguration;
			baseConfigurationReference = 621E0B6ADF941223613335F8 /* Pods-ToReadList.debug.xcconfig */;
			buildSettings = {
				ASSETCATALOG_COMPILER_APPICON_NAME = AppIcon;
				INFOPLIST_FILE = ToReadList/Info.plist;
				LD_RUNPATH_SEARCH_PATHS = "$(inherited) @executable_path/Frameworks";
				PRODUCT_NAME = "$(TARGET_NAME)";
			};
			name = Debug;
		};
		6D8512C91B2DBD320074C998 /* Release */ = {
			isa = XCBuildConfiguration;
			baseConfigurationReference = 0D285D8DC2DBE361FE0A0C9B /* Pods-ToReadList.release.xcconfig */;
			buildSettings = {
				ASSETCATALOG_COMPILER_APPICON_NAME = AppIcon;
				INFOPLIST_FILE = ToReadList/Info.plist;
				LD_RUNPATH_SEARCH_PATHS = "$(inherited) @executable_path/Frameworks";
				PRODUCT_NAME = "$(TARGET_NAME)";
			};
			name = Release;
		};
		6D8512CB1B2DBD320074C998 /* Debug */ = {
			isa = XCBuildConfiguration;
			buildSettings = {
				BUNDLE_LOADER = "$(TEST_HOST)";
				FRAMEWORK_SEARCH_PATHS = (
					"$(SDKROOT)/Developer/Library/Frameworks",
					"$(inherited)",
				);
				GCC_PREPROCESSOR_DEFINITIONS = (
					"DEBUG=1",
					"$(inherited)",
				);
				INFOPLIST_FILE = ToReadListTests/Info.plist;
				LD_RUNPATH_SEARCH_PATHS = "$(inherited) @executable_path/Frameworks @loader_path/Frameworks";
				PRODUCT_NAME = "$(TARGET_NAME)";
				TEST_HOST = "$(BUILT_PRODUCTS_DIR)/ToReadList.app/ToReadList";
			};
			name = Debug;
		};
		6D8512CC1B2DBD320074C998 /* Release */ = {
			isa = XCBuildConfiguration;
			buildSettings = {
				BUNDLE_LOADER = "$(TEST_HOST)";
				FRAMEWORK_SEARCH_PATHS = (
					"$(SDKROOT)/Developer/Library/Frameworks",
					"$(inherited)",
				);
				INFOPLIST_FILE = ToReadListTests/Info.plist;
				LD_RUNPATH_SEARCH_PATHS = "$(inherited) @executable_path/Frameworks @loader_path/Frameworks";
				PRODUCT_NAME = "$(TARGET_NAME)";
				TEST_HOST = "$(BUILT_PRODUCTS_DIR)/ToReadList.app/ToReadList";
			};
			name = Release;
		};
/* End XCBuildConfiguration section */

/* Begin XCConfigurationList section */
		6D85129C1B2DBD320074C998 /* Build configuration list for PBXProject "ToReadList" */ = {
			isa = XCConfigurationList;
			buildConfigurations = (
				6D8512C51B2DBD320074C998 /* Debug */,
				6D8512C61B2DBD320074C998 /* Release */,
			);
			defaultConfigurationIsVisible = 0;
			defaultConfigurationName = Release;
		};
		6D8512C71B2DBD320074C998 /* Build configuration list for PBXNativeTarget "ToReadList" */ = {
			isa = XCConfigurationList;
			buildConfigurations = (
				6D8512C81B2DBD320074C998 /* Debug */,
				6D8512C91B2DBD320074C998 /* Release */,
			);
			defaultConfigurationIsVisible = 0;
			defaultConfigurationName = Release;
		};
		6D8512CA1B2DBD320074C998 /* Build configuration list for PBXNativeTarget "ToReadListTests" */ = {
			isa = XCConfigurationList;
			buildConfigurations = (
				6D8512CB1B2DBD320074C998 /* Debug */,
				6D8512CC1B2DBD320074C998 /* Release */,
			);
			defaultConfigurationIsVisible = 0;
			defaultConfigurationName = Release;
		};
/* End XCConfigurationList section */

/* Begin XCVersionGroup section */
		6DC04B571B2EEFD300C3FB71 /* Model.xcdatamodeld */ = {
			isa = XCVersionGroup;
			children = (
				6DC04B581B2EEFD300C3FB71 /* Model.xcdatamodel */,
			);
			currentVersion = 6DC04B581B2EEFD300C3FB71 /* Model.xcdatamodel */;
			path = Model.xcdatamodeld;
			sourceTree = "<group>";
			versionGroupType = wrapper.xcdatamodel;
		};
/* End XCVersionGroup section */
	};
	rootObject = 6D8512991B2DBD320074C998 /* Project object */;
}
